
Microsoft Visual Studio Solution File, Format Version 12.00
# Visual Studio Version 17
VisualStudioVersion = 17.7.34024.191
MinimumVisualStudioVersion = 10.0.40219.1
Project("{FAE04EC0-301F-11D3-BF4B-00C04F79EFBC}") = "ppa lab test 1", "ppa lab test 1\ppa lab test 1.csproj", "{8A67A837-4B74-4A95-A740-3BDCC1121D33}"
EndProject
Global
	GlobalSection(SolutionConfigurationPlatforms) = preSolution
		Debug|Any CPU = Debug|Any CPU
		Release|Any CPU = Release|Any CPU
	EndGlobalSection
	GlobalSection(ProjectConfigurationPlatforms) = postSolution
		{8A67A837-4B74-4A95-A740-3BDCC1121D33}.Debug|Any CPU.ActiveCfg = Debug|Any CPU
		{8A67A837-4B74-4A95-A740-3BDCC1121D33}.Debug|Any CPU.Build.0 = Debug|Any CPU
		{8A67A837-4B74-4A95-A740-3BDCC1121D33}.Release|Any CPU.ActiveCfg = Release|Any CPU
		{8A67A837-4B74-4A95-A740-3BDCC1121D33}.Release|Any CPU.Build.0 = Release|Any CPU
	EndGlobalSection
	GlobalSection(SolutionProperties) = preSolution
		HideSolutionNode = FALSE
	EndGlobalSection
	GlobalSection(ExtensibilityGlobals) = postSolution
		SolutionGuid = {2388AF66-B0E7-4F56-BB91-3FE4B799A507}
	EndGlobalSection
EndGlobal
